
Microsoft Visual Studio Solution File, Format Version 12.00
# Visual Studio 14
VisualStudioVersion = 14.0.23107.0
MinimumVisualStudioVersion = 10.0.40219.1
Project("{2150E333-8FDC-42A3-9474-1A3956D46DE8}") = "Shared", "Shared", "{06134547-B904-4E8D-B8C5-97AD65120F13}"
EndProject
Project("{FAE04EC0-301F-11D3-BF4B-00C04F79EFBC}") = "YekanPedia.ManagementSystem.Domain", "YekanPedia.ManagementSystem.Domain\YekanPedia.ManagementSystem.Domain.csproj", "{8BCA1500-4045-46AA-9783-90F4B0DDB1F6}"
EndProject
Project("{FAE04EC0-301F-11D3-BF4B-00C04F79EFBC}") = "YekanPedia.ManagementSystem.InfraStructure", "YekanPedia.ManagementSystem.InfraStructure\YekanPedia.ManagementSystem.InfraStructure.csproj", "{D742B376-2BE2-47FF-B70F-4F5F63A67BAB}"
EndProject
Project("{2150E333-8FDC-42A3-9474-1A3956D46DE8}") = "InfraStructure", "InfraStructure", "{21F8D6F0-6527-41A3-8F56-22B83F224575}"
EndProject
Project("{FAE04EC0-301F-11D3-BF4B-00C04F79EFBC}") = "YekanPedia.ManagementSystem.Data", "YekanPedia.ManagementSystem.Data\YekanPedia.ManagementSystem.Data.csproj", "{49E38BA4-B84A-403E-89FF-74B88FBA0C4E}"
EndProject
Project("{FAE04EC0-301F-11D3-BF4B-00C04F79EFBC}") = "YekanPedia.ManagementSystem.DependencyResolver", "YekanPedia.ManagementSystem.DependencyResolver\YekanPedia.ManagementSystem.DependencyResolver.csproj", "{CD5F6D8C-FEC3-4411-83AB-6EA7580F9212}"
EndProject
Project("{FAE04EC0-301F-11D3-BF4B-00C04F79EFBC}") = "YekanPedia.ManagementSystem.Service", "YekanPedia.ManagementSystem.Service\YekanPedia.ManagementSystem.Service.csproj", "{3A35C3BF-238B-445C-A4CC-F334836B3253}"
EndProject
Project("{2150E333-8FDC-42A3-9474-1A3956D46DE8}") = "Console", "Console", "{BE0BCC5F-3CD8-4D61-AB08-1225BB1825EB}"
EndProject
Project("{FAE04EC0-301F-11D3-BF4B-00C04F79EFBC}") = "YekanPedia.ManagementSystem.ExternalService", "YekanPedia.ManagementSystem.ExternalService\YekanPedia.ManagementSystem.ExternalService.csproj", "{39001C55-E397-4617-8AC8-C9AC79E9CC47}"
EndProject
Project("{FAE04EC0-301F-11D3-BF4B-00C04F79EFBC}") = "YekanPedia.ManagementSystem.Console", "YekanPedia.ManagementSystem.Console\YekanPedia.ManagementSystem.Console.csproj", "{2DE93137-52D0-413F-A659-8EA813BE7ACC}"
EndProject
Project("{FAE04EC0-301F-11D3-BF4B-00C04F79EFBC}") = "YekanPedia.ManagementSystem.Scheduler", "YekanPedia.ManagementSystem.Scheduler\YekanPedia.ManagementSystem.Scheduler.csproj", "{815DA986-F761-47B0-B8A7-364BF8D856D4}"
EndProject
Project("{FAE04EC0-301F-11D3-BF4B-00C04F79EFBC}") = "YekanPedia.WebSite", "YekanPedia.WebSite\YekanPedia.WebSite.csproj", "{0A6739F7-1F4D-4B58-AC7D-F56764D1D404}"
EndProject
Global
	GlobalSection(SolutionConfigurationPlatforms) = preSolution
		Debug|Any CPU = Debug|Any CPU
		Release|Any CPU = Release|Any CPU
	EndGlobalSection
	GlobalSection(ProjectConfigurationPlatforms) = postSolution
		{8BCA1500-4045-46AA-9783-90F4B0DDB1F6}.Debug|Any CPU.ActiveCfg = Debug|Any CPU
		{8BCA1500-4045-46AA-9783-90F4B0DDB1F6}.Debug|Any CPU.Build.0 = Debug|Any CPU
		{8BCA1500-4045-46AA-9783-90F4B0DDB1F6}.Release|Any CPU.ActiveCfg = Release|Any CPU
		{8BCA1500-4045-46AA-9783-90F4B0DDB1F6}.Release|Any CPU.Build.0 = Release|Any CPU
		{D742B376-2BE2-47FF-B70F-4F5F63A67BAB}.Debug|Any CPU.ActiveCfg = Debug|Any CPU
		{D742B376-2BE2-47FF-B70F-4F5F63A67BAB}.Debug|Any CPU.Build.0 = Debug|Any CPU
		{D742B376-2BE2-47FF-B70F-4F5F63A67BAB}.Release|Any CPU.ActiveCfg = Release|Any CPU
		{D742B376-2BE2-47FF-B70F-4F5F63A67BAB}.Release|Any CPU.Build.0 = Release|Any CPU
		{49E38BA4-B84A-403E-89FF-74B88FBA0C4E}.Debug|Any CPU.ActiveCfg = Debug|Any CPU
		{49E38BA4-B84A-403E-89FF-74B88FBA0C4E}.Debug|Any CPU.Build.0 = Debug|Any CPU
		{49E38BA4-B84A-403E-89FF-74B88FBA0C4E}.Release|Any CPU.ActiveCfg = Release|Any CPU
		{49E38BA4-B84A-403E-89FF-74B88FBA0C4E}.Release|Any CPU.Build.0 = Release|Any CPU
		{CD5F6D8C-FEC3-4411-83AB-6EA7580F9212}.Debug|Any CPU.ActiveCfg = Debug|Any CPU
		{CD5F6D8C-FEC3-4411-83AB-6EA7580F9212}.Debug|Any CPU.Build.0 = Debug|Any CPU
		{CD5F6D8C-FEC3-4411-83AB-6EA7580F9212}.Release|Any CPU.ActiveCfg = Release|Any CPU
		{CD5F6D8C-FEC3-4411-83AB-6EA7580F9212}.Release|Any CPU.Build.0 = Release|Any CPU
		{3A35C3BF-238B-445C-A4CC-F334836B3253}.Debug|Any CPU.ActiveCfg = Debug|Any CPU
		{3A35C3BF-238B-445C-A4CC-F334836B3253}.Debug|Any CPU.Build.0 = Debug|Any CPU
		{3A35C3BF-238B-445C-A4CC-F334836B3253}.Release|Any CPU.ActiveCfg = Release|Any CPU
		{3A35C3BF-238B-445C-A4CC-F334836B3253}.Release|Any CPU.Build.0 = Release|Any CPU
		{39001C55-E397-4617-8AC8-C9AC79E9CC47}.Debug|Any CPU.ActiveCfg = Debug|Any CPU
		{39001C55-E397-4617-8AC8-C9AC79E9CC47}.Debug|Any CPU.Build.0 = Debug|Any CPU
		{39001C55-E397-4617-8AC8-C9AC79E9CC47}.Release|Any CPU.ActiveCfg = Release|Any CPU
		{39001C55-E397-4617-8AC8-C9AC79E9CC47}.Release|Any CPU.Build.0 = Release|Any CPU
		{2DE93137-52D0-413F-A659-8EA813BE7ACC}.Debug|Any CPU.ActiveCfg = Debug|Any CPU
		{2DE93137-52D0-413F-A659-8EA813BE7ACC}.Debug|Any CPU.Build.0 = Debug|Any CPU
		{2DE93137-52D0-413F-A659-8EA813BE7ACC}.Release|Any CPU.ActiveCfg = Release|Any CPU
		{2DE93137-52D0-413F-A659-8EA813BE7ACC}.Release|Any CPU.Build.0 = Release|Any CPU
		{815DA986-F761-47B0-B8A7-364BF8D856D4}.Debug|Any CPU.ActiveCfg = Debug|Any CPU
		{815DA986-F761-47B0-B8A7-364BF8D856D4}.Debug|Any CPU.Build.0 = Debug|Any CPU
		{815DA986-F761-47B0-B8A7-364BF8D856D4}.Release|Any CPU.ActiveCfg = Release|Any CPU
		{815DA986-F761-47B0-B8A7-364BF8D856D4}.Release|Any CPU.Build.0 = Release|Any CPU
		{0A6739F7-1F4D-4B58-AC7D-F56764D1D404}.Debug|Any CPU.ActiveCfg = Debug|Any CPU
		{0A6739F7-1F4D-4B58-AC7D-F56764D1D404}.Debug|Any CPU.Build.0 = Debug|Any CPU
		{0A6739F7-1F4D-4B58-AC7D-F56764D1D404}.Release|Any CPU.ActiveCfg = Release|Any CPU
		{0A6739F7-1F4D-4B58-AC7D-F56764D1D404}.Release|Any CPU.Build.0 = Release|Any CPU
	EndGlobalSection
	GlobalSection(SolutionProperties) = preSolution
		HideSolutionNode = FALSE
	EndGlobalSection
	GlobalSection(NestedProjects) = preSolution
		{8BCA1500-4045-46AA-9783-90F4B0DDB1F6} = {06134547-B904-4E8D-B8C5-97AD65120F13}
		{D742B376-2BE2-47FF-B70F-4F5F63A67BAB} = {21F8D6F0-6527-41A3-8F56-22B83F224575}
		{49E38BA4-B84A-403E-89FF-74B88FBA0C4E} = {06134547-B904-4E8D-B8C5-97AD65120F13}
		{CD5F6D8C-FEC3-4411-83AB-6EA7580F9212} = {06134547-B904-4E8D-B8C5-97AD65120F13}
		{3A35C3BF-238B-445C-A4CC-F334836B3253} = {06134547-B904-4E8D-B8C5-97AD65120F13}
		{39001C55-E397-4617-8AC8-C9AC79E9CC47} = {06134547-B904-4E8D-B8C5-97AD65120F13}
		{2DE93137-52D0-413F-A659-8EA813BE7ACC} = {BE0BCC5F-3CD8-4D61-AB08-1225BB1825EB}
		{815DA986-F761-47B0-B8A7-364BF8D856D4} = {21F8D6F0-6527-41A3-8F56-22B83F224575}
		{0A6739F7-1F4D-4B58-AC7D-F56764D1D404} = {BE0BCC5F-3CD8-4D61-AB08-1225BB1825EB}
	EndGlobalSection
EndGlobal
